
Microsoft Visual Studio Solution File, Format Version 12.00
# Visual Studio Version 17
VisualStudioVersion = 17.8.34525.116
MinimumVisualStudioVersion = 10.0.40219.1
Project("{9A19103F-16F7-4668-BE54-9A1E7A4F7556}") = "Calculator.Client", "CalculatorClient\Calculator.Client.csproj", "{7CF51DDD-B1E4-49E5-BD4F-1B1E9558112F}"
EndProject
Project("{9A19103F-16F7-4668-BE54-9A1E7A4F7556}") = "Calculator.Server", "Calculator.Server\Calculator.Server.csproj", "{19B3BE62-122A-4385-88E4-03B5C4179597}"
EndProject
Project("{FAE04EC0-301F-11D3-BF4B-00C04F79EFBC}") = "Calculator.Tests", "Calculator.Tests\Calculator.Tests.csproj", "{AA8FC9B7-C7D5-468C-82F6-BF0E2478C79E}"
EndProject
Global
	GlobalSection(SolutionConfigurationPlatforms) = preSolution
		Debug|Any CPU = Debug|Any CPU
		Release|Any CPU = Release|Any CPU
	EndGlobalSection
	GlobalSection(ProjectConfigurationPlatforms) = postSolution
		{7CF51DDD-B1E4-49E5-BD4F-1B1E9558112F}.Debug|Any CPU.ActiveCfg = Debug|Any CPU
		{7CF51DDD-B1E4-49E5-BD4F-1B1E9558112F}.Debug|Any CPU.Build.0 = Debug|Any CPU
		{7CF51DDD-B1E4-49E5-BD4F-1B1E9558112F}.Release|Any CPU.ActiveCfg = Release|Any CPU
		{7CF51DDD-B1E4-49E5-BD4F-1B1E9558112F}.Release|Any CPU.Build.0 = Release|Any CPU
		{19B3BE62-122A-4385-88E4-03B5C4179597}.Debug|Any CPU.ActiveCfg = Debug|Any CPU
		{19B3BE62-122A-4385-88E4-03B5C4179597}.Debug|Any CPU.Build.0 = Debug|Any CPU
		{19B3BE62-122A-4385-88E4-03B5C4179597}.Release|Any CPU.ActiveCfg = Release|Any CPU
		{19B3BE62-122A-4385-88E4-03B5C4179597}.Release|Any CPU.Build.0 = Release|Any CPU
		{AA8FC9B7-C7D5-468C-82F6-BF0E2478C79E}.Debug|Any CPU.ActiveCfg = Debug|Any CPU
		{AA8FC9B7-C7D5-468C-82F6-BF0E2478C79E}.Debug|Any CPU.Build.0 = Debug|Any CPU
		{AA8FC9B7-C7D5-468C-82F6-BF0E2478C79E}.Release|Any CPU.ActiveCfg = Release|Any CPU
		{AA8FC9B7-C7D5-468C-82F6-BF0E2478C79E}.Release|Any CPU.Build.0 = Release|Any CPU
	EndGlobalSection
	GlobalSection(SolutionProperties) = preSolution
		HideSolutionNode = FALSE
	EndGlobalSection
	GlobalSection(ExtensibilityGlobals) = postSolution
		SolutionGuid = {1909D225-452A-4CC0-82D4-BBD4A55200C9}
	EndGlobalSection
EndGlobal
